
Microsoft Visual Studio Solution File, Format Version 12.00
# Visual Studio 15
VisualStudioVersion = 15.0.28307.329
MinimumVisualStudioVersion = 10.0.40219.1
Project("{FAE04EC0-301F-11D3-BF4B-00C04F79EFBC}") = "FleetManagementServer", "FleetManagementServer\FleetManagementServer.csproj", "{226F0FF8-B4A6-457F-A709-F03F55A31D24}"
EndProject
Global
	GlobalSection(SolutionConfigurationPlatforms) = preSolution
		Debug|Any CPU = Debug|Any CPU
		Release|Any CPU = Release|Any CPU
	EndGlobalSection
	GlobalSection(ProjectConfigurationPlatforms) = postSolution
		{226F0FF8-B4A6-457F-A709-F03F55A31D24}.Debug|Any CPU.ActiveCfg = Debug|Any CPU
		{226F0FF8-B4A6-457F-A709-F03F55A31D24}.Debug|Any CPU.Build.0 = Debug|Any CPU
		{226F0FF8-B4A6-457F-A709-F03F55A31D24}.Release|Any CPU.ActiveCfg = Release|Any CPU
		{226F0FF8-B4A6-457F-A709-F03F55A31D24}.Release|Any CPU.Build.0 = Release|Any CPU
	EndGlobalSection
	GlobalSection(SolutionProperties) = preSolution
		HideSolutionNode = FALSE
	EndGlobalSection
	GlobalSection(ExtensibilityGlobals) = postSolution
		SolutionGuid = {211EAC52-2589-43E4-9393-3AB944507EC1}
	EndGlobalSection
EndGlobal
